// !$*UTF8*$!
{
	archiveVersion = 1;
	classes = {
	};
	objectVersion = 48;
	objects = {

/* Begin PBXBuildFile section */
		65B21CEB1FB823D400CBCBCB /* AppDelegate.swift in Sources */ = {isa = PBXBuildFile; fileRef = 65B21CEA1FB823D400CBCBCB /* AppDelegate.swift */; };
		65B21CED1FB823D400CBCBCB /* ViewController.swift in Sources */ = {isa = PBXBuildFile; fileRef = 65B21CEC1FB823D400CBCBCB /* ViewController.swift */; };
		65B21CF01FB823D400CBCBCB /* Main.storyboard in Resources */ = {isa = PBXBuildFile; fileRef = 65B21CEE1FB823D400CBCBCB /* Main.storyboard */; };
		65B21CF21FB823D400CBCBCB /* Assets.xcassets in Resources */ = {isa = PBXBuildFile; fileRef = 65B21CF11FB823D400CBCBCB /* Assets.xcassets */; };
		65B21CF51FB823D400CBCBCB /* LaunchScreen.storyboard in Resources */ = {isa = PBXBuildFile; fileRef = 65B21CF31FB823D400CBCBCB /* LaunchScreen.storyboard */; };
		65B21D001FB823D500CBCBCB /* HelloWorldTests.swift in Sources */ = {isa = PBXBuildFile; fileRef = 65B21CFF1FB823D500CBCBCB /* HelloWorldTests.swift */; };
		65B21D0B1FB823D500CBCBCB /* HelloWorldUITests.swift in Sources */ = {isa = PBXBuildFile; fileRef = 65B21D0A1FB823D500CBCBCB /* HelloWorldUITests.swift */; };
/* End PBXBuildFile section */

/* Begin PBXContainerItemProxy section */
		65B21CFC1FB823D500CBCBCB /* PBXContainerItemProxy */ = {
			isa = PBXContainerItemProxy;
			containerPortal = 65B21CDF1FB823D400CBCBCB /* Project object */;
			proxyType = 1;
			remoteGlobalIDString = 65B21CE61FB823D400CBCBCB;
			remoteInfo = HelloWorld;
		};
		65B21D071FB823D500CBCBCB /* PBXContainerItemProxy */ = {
			isa = PBXContainerItemProxy;
			containerPortal = 65B21CDF1FB823D400CBCBCB /* Project object */;
			proxyType = 1;
			remoteGlobalIDString = 65B21CE61FB823D400CBCBCB;
			remoteInfo = HelloWorld;
		};
/* End PBXContainerItemProxy section */

/* Begin PBXFileReference section */
		65B21CE71FB823D400CBCBCB /* HelloWorld.app */ = {isa = PBXFileReference; explicitFileType = wrapper.application; includeInIndex = 0; path = HelloWorld.app; sourceTree = BUILT_PRODUCTS_DIR; };
		65B21CEA1FB823D400CBCBCB /* AppDelegate.swift */ = {isa = PBXFileReference; lastKnownFileType = sourcecode.swift; path = AppDelegate.swift; sourceTree = "<group>"; };
		65B21CEC1FB823D400CBCBCB /* ViewController.swift */ = {isa = PBXFileReference; lastKnownFileType = sourcecode.swift; path = ViewController.swift; sourceTree = "<group>"; };
		65B21CEF1FB823D400CBCBCB /* Base */ = {isa = PBXFileReference; lastKnownFileType = file.storyboard; name = Base; path = Base.lproj/Main.storyboard; sourceTree = "<group>"; };
		65B21CF11FB823D400CBCBCB /* Assets.xcassets */ = {isa = PBXFileReference; lastKnownFileType = folder.assetcatalog; path = Assets.xcassets; sourceTree = "<group>"; };
		65B21CF41FB823D400CBCBCB /* Base */ = {isa = PBXFileReference; lastKnownFileType = file.storyboard; name = Base; path = Base.lproj/LaunchScreen.storyboard; sourceTree = "<group>"; };
		65B21CF61FB823D400CBCBCB /* Info.plist */ = {isa = PBXFileReference; lastKnownFileType = text.plist.xml; path = Info.plist; sourceTree = "<group>"; };
		65B21CFB1FB823D500CBCBCB /* HelloWorldTests.xctest */ = {isa = PBXFileReference; explicitFileType = wrapper.cfbundle; includeInIndex = 0; path = HelloWorldTests.xctest; sourceTree = BUILT_PRODUCTS_DIR; };
		65B21CFF1FB823D500CBCBCB /* HelloWorldTests.swift */ = {isa = PBXFileReference; lastKnownFileType = sourcecode.swift; path = HelloWorldTests.swift; sourceTree = "<group>"; };
		65B21D011FB823D500CBCBCB /* Info.plist */ = {isa = PBXFileReference; lastKnownFileType = text.plist.xml; path = Info.plist; sourceTree = "<group>"; };
		65B21D061FB823D500CBCBCB /* HelloWorldUITests.xctest */ = {isa = PBXFileReference; explicitFileType = wrapper.cfbundle; includeInIndex = 0; path = HelloWorldUITests.xctest; sourceTree = BUILT_PRODUCTS_DIR; };
		65B21D0A1FB823D500CBCBCB /* HelloWorldUITests.swift */ = {isa = PBXFileReference; lastKnownFileType = sourcecode.swift; path = HelloWorldUITests.swift; sourceTree = "<group>"; };
		65B21D0C1FB823D500CBCBCB /* Info.plist */ = {isa = PBXFileReference; lastKnownFileType = text.plist.xml; path = Info.plist; sourceTree = "<group>"; };
/* End PBXFileReference section */

/* Begin PBXFrameworksBuildPhase section */
		65B21CE41FB823D400CBCBCB /* Frameworks */ = {
			isa = PBXFrameworksBuildPhase;
			buildActionMask = 2147483647;
			files = (
			);
			runOnlyForDeploymentPostprocessing = 0;
		};
		65B21CF81FB823D500CBCBCB /* Frameworks */ = {
			isa = PBXFrameworksBuildPhase;
			buildActionMask = 2147483647;
			files = (
			);
			runOnlyForDeploymentPostprocessing = 0;
		};
		65B21D031FB823D500CBCBCB /* Frameworks */ = {
			isa = PBXFrameworksBuildPhase;
			buildActionMask = 2147483647;
			files = (
			);
			runOnlyForDeploymentPostprocessing = 0;
		};
/* End PBXFrameworksBuildPhase section */

/* Begin PBXGroup section */
		65B21CDE1FB823D400CBCBCB = {
			isa = PBXGroup;
			children = (
				65B21CE91FB823D400CBCBCB /* HelloWorld */,
				65B21CFE1FB823D500CBCBCB /* HelloWorldTests */,
				65B21D091FB823D500CBCBCB /* HelloWorldUITests */,
				65B21CE81FB823D400CBCBCB /* Products */,
			);
			sourceTree = "<group>";
		};
		65B21CE81FB823D400CBCBCB /* Products */ = {
			isa = PBXGroup;
			children = (
				65B21CE71FB823D400CBCBCB /* HelloWorld.app */,
				65B21CFB1FB823D500CBCBCB /* HelloWorldTests.xctest */,
				65B21D061FB823D500CBCBCB /* HelloWorldUITests.xctest */,
			);
			name = Products;
			sourceTree = "<group>";
		};
		65B21CE91FB823D400CBCBCB /* HelloWorld */ = {
			isa = PBXGroup;
			children = (
				65B21CEA1FB823D400CBCBCB /* AppDelegate.swift */,
				65B21CEC1FB823D400CBCBCB /* ViewController.swift */,
				65B21CEE1FB823D400CBCBCB /* Main.storyboard */,
				65B21CF11FB823D400CBCBCB /* Assets.xcassets */,
				65B21CF31FB823D400CBCBCB /* LaunchScreen.storyboard */,
				65B21CF61FB823D400CBCBCB /* Info.plist */,
			);
			path = HelloWorld;
			sourceTree = "<group>";
		};
		65B21CFE1FB823D500CBCBCB /* HelloWorldTests */ = {
			isa = PBXGroup;
			children = (
				65B21CFF1FB823D500CBCBCB /* HelloWorldTests.swift */,
				65B21D011FB823D500CBCBCB /* Info.plist */,
			);
			path = HelloWorldTests;
			sourceTree = "<group>";
		};
		65B21D091FB823D500CBCBCB /* HelloWorldUITests */ = {
			isa = PBXGroup;
			children = (
				65B21D0A1FB823D500CBCBCB /* HelloWorldUITests.swift */,
				65B21D0C1FB823D500CBCBCB /* Info.plist */,
			);
			path = HelloWorldUITests;
			sourceTree = "<group>";
		};
/* End PBXGroup section */

/* Begin PBXNativeTarget section */
		65B21CE61FB823D400CBCBCB /* HelloWorld */ = {
			isa = PBXNativeTarget;
			buildConfigurationList = 65B21D0F1FB823D500CBCBCB /* Build configuration list for PBXNativeTarget "HelloWorld" */;
			buildPhases = (
				65B21CE31FB823D400CBCBCB /* Sources */,
				65B21CE41FB823D400CBCBCB /* Frameworks */,
				65B21CE51FB823D400CBCBCB /* Resources */,
			);
			buildRules = (
			);
			dependencies = (
			);
			name = HelloWorld;
			productName = HelloWorld;
			productReference = 65B21CE71FB823D400CBCBCB /* HelloWorld.app */;
			productType = "com.apple.product-type.application";
		};
		65B21CFA1FB823D500CBCBCB /* HelloWorldTests */ = {
			isa = PBXNativeTarget;
			buildConfigurationList = 65B21D121FB823D500CBCBCB /* Build configuration list for PBXNativeTarget "HelloWorldTests" */;
			buildPhases = (
				65B21CF71FB823D500CBCBCB /* Sources */,
				65B21CF81FB823D500CBCBCB /* Frameworks */,
				65B21CF91FB823D500CBCBCB /* Resources */,
			);
			buildRules = (
			);
			dependencies = (
				65B21CFD1FB823D500CBCBCB /* PBXTargetDependency */,
			);
			name = HelloWorldTests;
			productName = HelloWorldTests;
			productReference = 65B21CFB1FB823D500CBCBCB /* HelloWorldTests.xctest */;
			productType = "com.apple.product-type.bundle.unit-test";
		};
		65B21D051FB823D500CBCBCB /* HelloWorldUITests */ = {
			isa = PBXNativeTarget;
			buildConfigurationList = 65B21D151FB823D500CBCBCB /* Build configuration list for PBXNativeTarget "HelloWorldUITests" */;
			buildPhases = (
				65B21D021FB823D500CBCBCB /* Sources */,
				65B21D031FB823D500CBCBCB /* Frameworks */,
				65B21D041FB823D500CBCBCB /* Resources */,
			);
			buildRules = (
			);
			dependencies = (
				65B21D081FB823D500CBCBCB /* PBXTargetDependency */,
			);
			name = HelloWorldUITests;
			productName = HelloWorldUITests;
			productReference = 65B21D061FB823D500CBCBCB /* HelloWorldUITests.xctest */;
			productType = "com.apple.product-type.bundle.ui-testing";
		};
/* End PBXNativeTarget section */

/* Begin PBXProject section */
		65B21CDF1FB823D400CBCBCB /* Project object */ = {
			isa = PBXProject;
			attributes = {
				LastSwiftUpdateCheck = 0910;
				LastUpgradeCheck = 0910;
				ORGANIZATIONNAME = ALB;
				TargetAttributes = {
					65B21CE61FB823D400CBCBCB = {
						CreatedOnToolsVersion = 9.1;
						ProvisioningStyle = Automatic;
					};
					65B21CFA1FB823D500CBCBCB = {
						CreatedOnToolsVersion = 9.1;
						ProvisioningStyle = Automatic;
						TestTargetID = 65B21CE61FB823D400CBCBCB;
					};
					65B21D051FB823D500CBCBCB = {
						CreatedOnToolsVersion = 9.1;
						ProvisioningStyle = Automatic;
						TestTargetID = 65B21CE61FB823D400CBCBCB;
					};
				};
			};
			buildConfigurationList = 65B21CE21FB823D400CBCBCB /* Build configuration list for PBXProject "HelloWorld" */;
			compatibilityVersion = "Xcode 8.0";
			developmentRegion = en;
			hasScannedForEncodings = 0;
			knownRegions = (
				en,
				Base,
			);
			mainGroup = 65B21CDE1FB823D400CBCBCB;
			productRefGroup = 65B21CE81FB823D400CBCBCB /* Products */;
			projectDirPath = "";
			projectRoot = "";
			targets = (
				65B21CE61FB823D400CBCBCB /* HelloWorld */,
				65B21CFA1FB823D500CBCBCB /* HelloWorldTests */,
				65B21D051FB823D500CBCBCB /* HelloWorldUITests */,
			);
		};
/* End PBXProject section */

/* Begin PBXResourcesBuildPhase section */
		65B21CE51FB823D400CBCBCB /* Resources */ = {
			isa = PBXResourcesBuildPhase;
			buildActionMask = 2147483647;
			files = (
				65B21CF51FB823D400CBCBCB /* LaunchScreen.storyboard in Resources */,
				65B21CF21FB823D400CBCBCB /* Assets.xcassets in Resources */,
				65B21CF01FB823D400CBCBCB /* Main.storyboard in Resources */,
			);
			runOnlyForDeploymentPostprocessing = 0;
		};
		65B21CF91FB823D500CBCBCB /* Resources */ = {
			isa = PBXResourcesBuildPhase;
			buildActionMask = 2147483647;
			files = (
			);
			runOnlyForDeploymentPostprocessing = 0;
		};
		65B21D041FB823D500CBCBCB /* Resources */ = {
			isa = PBXResourcesBuildPhase;
			buildActionMask = 2147483647;
			files = (
			);
			runOnlyForDeploymentPostprocessing = 0;
		};
/* End PBXResourcesBuildPhase section */

/* Begin PBXSourcesBuildPhase section */
		65B21CE31FB823D400CBCBCB /* Sources */ = {
			isa = PBXSourcesBuildPhase;
			buildActionMask = 2147483647;
			files = (
				65B21CED1FB823D400CBCBCB /* ViewController.swift in Sources */,
				65B21CEB1FB823D400CBCBCB /* AppDelegate.swift in Sources */,
			);
			runOnlyForDeploymentPostprocessing = 0;
		};
		65B21CF71FB823D500CBCBCB /* Sources */ = {
			isa = PBXSourcesBuildPhase;
			buildActionMask = 2147483647;
			files = (
				65B21D001FB823D500CBCBCB /* HelloWorldTests.swift in Sources */,
			);
			runOnlyForDeploymentPostprocessing = 0;
		};
		65B21D021FB823D500CBCBCB /* Sources */ = {
			isa = PBXSourcesBuildPhase;
			buildActionMask = 2147483647;
			files = (
				65B21D0B1FB823D500CBCBCB /* HelloWorldUITests.swift in Sources */,
			);
			runOnlyForDeploymentPostprocessing = 0;
		};
/* End PBXSourcesBuildPhase section */

/* Begin PBXTargetDependency section */
		65B21CFD1FB823D500CBCBCB /* PBXTargetDependency */ = {
			isa = PBXTargetDependency;
			target = 65B21CE61FB823D400CBCBCB /* HelloWorld */;
			targetProxy = 65B21CFC1FB823D500CBCBCB /* PBXContainerItemProxy */;
		};
		65B21D081FB823D500CBCBCB /* PBXTargetDependency */ = {
			isa = PBXTargetDependency;
			target = 65B21CE61FB823D400CBCBCB /* HelloWorld */;
			targetProxy = 65B21D071FB823D500CBCBCB /* PBXContainerItemProxy */;
		};
/* End PBXTargetDependency section */

/* Begin PBXVariantGroup section */
		65B21CEE1FB823D400CBCBCB /* Main.storyboard */ = {
			isa = PBXVariantGroup;
			children = (
				65B21CEF1FB823D400CBCBCB /* Base */,
			);
			name = Main.storyboard;
			sourceTree = "<group>";
		};
		65B21CF31FB823D400CBCBCB /* LaunchScreen.storyboard */ = {
			isa = PBXVariantGroup;
			children = (
				65B21CF41FB823D400CBCBCB /* Base */,
			);
			name = LaunchScreen.storyboard;
			sourceTree = "<group>";
		};
/* End PBXVariantGroup section */

/* Begin XCBuildConfiguration section */
		65B21D0D1FB823D500CBCBCB /* Debug */ = {
			isa = XCBuildConfiguration;
			buildSettings = {
				ALWAYS_SEARCH_USER_PATHS = NO;
				CLANG_ANALYZER_NONNULL = YES;
				CLANG_ANALYZER_NUMBER_OBJECT_CONVERSION = YES_AGGRESSIVE;
				CLANG_CXX_LANGUAGE_STANDARD = "gnu++14";
				CLANG_CXX_LIBRARY = "libc++";
				CLANG_ENABLE_MODULES = YES;
				CLANG_ENABLE_OBJC_ARC = YES;
				CLANG_WARN_BLOCK_CAPTURE_AUTORELEASING = YES;
				CLANG_WARN_BOOL_CONVERSION = YES;
				CLANG_WARN_COMMA = YES;
				CLANG_WARN_CONSTANT_CONVERSION = YES;
				CLANG_WARN_DIRECT_OBJC_ISA_USAGE = YES_ERROR;
				CLANG_WARN_DOCUMENTATION_COMMENTS = YES;
				CLANG_WARN_EMPTY_BODY = YES;
				CLANG_WARN_ENUM_CONVERSION = YES;
				CLANG_WARN_INFINITE_RECURSION = YES;
				CLANG_WARN_INT_CONVERSION = YES;
				CLANG_WARN_NON_LITERAL_NULL_CONVERSION = YES;
				CLANG_WARN_OBJC_LITERAL_CONVERSION = YES;
				CLANG_WARN_OBJC_ROOT_CLASS = YES_ERROR;
				CLANG_WARN_RANGE_LOOP_ANALYSIS = YES;
				CLANG_WARN_STRICT_PROTOTYPES = YES;
				CLANG_WARN_SUSPICIOUS_MOVE = YES;
				CLANG_WARN_UNGUARDED_AVAILABILITY = YES_AGGRESSIVE;
				CLANG_WARN_UNREACHABLE_CODE = YES;
				CLANG_WARN__DUPLICATE_METHOD_MATCH = YES;
				CODE_SIGN_IDENTITY = "iPhone Developer";
				COPY_PHASE_STRIP = NO;
				DEBUG_INFORMATION_FORMAT = dwarf;
				ENABLE_STRICT_OBJC_MSGSEND = YES;
				ENABLE_TESTABILITY = YES;
				GCC_C_LANGUAGE_STANDARD = gnu11;
				GCC_DYNAMIC_NO_PIC = NO;
				GCC_NO_COMMON_BLOCKS = YES;
				GCC_OPTIMIZATION_LEVEL = 0;
				GCC_PREPROCESSOR_DEFINITIONS = (
					"DEBUG=1",
					"$(inherited)",
				);
				GCC_WARN_64_TO_32_BIT_CONVERSION = YES;
				GCC_WARN_ABOUT_RETURN_TYPE = YES_ERROR;
				GCC_WARN_UNDECLARED_SELECTOR = YES;
				GCC_WARN_UNINITIALIZED_AUTOS = YES_AGGRESSIVE;
				GCC_WARN_UNUSED_FUNCTION = YES;
				GCC_WARN_UNUSED_VARIABLE = YES;
				IPHONEOS_DEPLOYMENT_TARGET = 11.1;
				MTL_ENABLE_DEBUG_INFO = YES;
				ONLY_ACTIVE_ARCH = YES;
				SDKROOT = iphoneos;
				SWIFT_ACTIVE_COMPILATION_CONDITIONS = DEBUG;
				SWIFT_OPTIMIZATION_LEVEL = "-Onone";
			};
			name = Debug;
		};
		65B21D0E1FB823D500CBCBCB /* Release */ = {
			isa = XCBuildConfiguration;
			buildSettings = {
				ALWAYS_SEARCH_USER_PATHS = NO;
				CLANG_ANALYZER_NONNULL = YES;
				CLANG_ANALYZER_NUMBER_OBJECT_CONVERSION = YES_AGGRESSIVE;
				CLANG_CXX_LANGUAGE_STANDARD = "gnu++14";
				CLANG_CXX_LIBRARY = "libc++";
				CLANG_ENABLE_MODULES = YES;
				CLANG_ENABLE_OBJC_ARC = YES;
				CLANG_WARN_BLOCK_CAPTURE_AUTORELEASING = YES;
				CLANG_WARN_BOOL_CONVERSION = YES;
				CLANG_WARN_COMMA = YES;
				CLANG_WARN_CONSTANT_CONVERSION = YES;
				CLANG_WARN_DIRECT_OBJC_ISA_USAGE = YES_ERROR;
				CLANG_WARN_DOCUMENTATION_COMMENTS = YES;
				CLANG_WARN_EMPTY_BODY = YES;
				CLANG_WARN_ENUM_CONVERSION = YES;
				CLANG_WARN_INFINITE_RECURSION = YES;
				CLANG_WARN_INT_CONVERSION = YES;
				CLANG_WARN_NON_LITERAL_NULL_CONVERSION = YES;
				CLANG_WARN_OBJC_LITERAL_CONVERSION = YES;
				CLANG_WARN_OBJC_ROOT_CLASS = YES_ERROR;
				CLANG_WARN_RANGE_LOOP_ANALYSIS = YES;
				CLANG_WARN_STRICT_PROTOTYPES = YES;
				CLANG_WARN_SUSPICIOUS_MOVE = YES;
				CLANG_WARN_UNGUARDED_AVAILABILITY = YES_AGGRESSIVE;
				CLANG_WARN_UNREACHABLE_CODE = YES;
				CLANG_WARN__DUPLICATE_METHOD_MATCH = YES;
				CODE_SIGN_IDENTITY = "iPhone Developer";
				COPY_PHASE_STRIP = NO;
				DEBUG_INFORMATION_FORMAT = "dwarf-with-dsym";
				ENABLE_NS_ASSERTIONS = NO;
				ENABLE_STRICT_OBJC_MSGSEND = YES;
				GCC_C_LANGUAGE_STANDARD = gnu11;
				GCC_NO_COMMON_BLOCKS = YES;
				GCC_WARN_64_TO_32_BIT_CONVERSION = YES;
				GCC_WARN_ABOUT_RETURN_TYPE = YES_ERROR;
				GCC_WARN_UNDECLARED_SELECTOR = YES;
				GCC_WARN_UNINITIALIZED_AUTOS = YES_AGGRESSIVE;
				GCC_WARN_UNUSED_FUNCTION = YES;
				GCC_WARN_UNUSED_VARIABLE = YES;
				IPHONEOS_DEPLOYMENT_TARGET = 11.1;
				MTL_ENABLE_DEBUG_INFO = NO;
				SDKROOT = iphoneos;
				SWIFT_OPTIMIZATION_LEVEL = "-Owholemodule";
				VALIDATE_PRODUCT = YES;
			};
			name = Release;
		};
		65B21D101FB823D500CBCBCB /* Debug */ = {
			isa = XCBuildConfiguration;
			buildSettings = {
				ASSETCATALOG_COMPILER_APPICON_NAME = AppIcon;
				CODE_SIGN_STYLE = Automatic;
				INFOPLIST_FILE = HelloWorld/Info.plist;
				LD_RUNPATH_SEARCH_PATHS = "$(inherited) @executable_path/Frameworks";
				PRODUCT_BUNDLE_IDENTIFIER = com.andrewblyth86.HelloWorld;
				PRODUCT_NAME = "$(TARGET_NAME)";
				SWIFT_VERSION = 4.0;
				TARGETED_DEVICE_FAMILY = "1,2";
			};
			name = Debug;
		};
		65B21D111FB823D500CBCBCB /* Release */ = {
			isa = XCBuildConfiguration;
			buildSettings = {
				ASSETCATALOG_COMPILER_APPICON_NAME = AppIcon;
				CODE_SIGN_STYLE = Automatic;
				INFOPLIST_FILE = HelloWorld/Info.plist;
				LD_RUNPATH_SEARCH_PATHS = "$(inherited) @executable_path/Frameworks";
				PRODUCT_BUNDLE_IDENTIFIER = com.andrewblyth86.HelloWorld;
				PRODUCT_NAME = "$(TARGET_NAME)";
				SWIFT_VERSION = 4.0;
				TARGETED_DEVICE_FAMILY = "1,2";
			};
			name = Release;
		};
		65B21D131FB823D500CBCBCB /* Debug */ = {
			isa = XCBuildConfiguration;
			buildSettings = {
				ALWAYS_EMBED_SWIFT_STANDARD_LIBRARIES = YES;
				BUNDLE_LOADER = "$(TEST_HOST)";
				CODE_SIGN_STYLE = Automatic;
				INFOPLIST_FILE = HelloWorldTests/Info.plist;
				LD_RUNPATH_SEARCH_PATHS = "$(inherited) @executable_path/Frameworks @loader_path/Frameworks";
				PRODUCT_BUNDLE_IDENTIFIER = com.andrewblyth86.HelloWorldTests;
				PRODUCT_NAME = "$(TARGET_NAME)";
				SWIFT_VERSION = 4.0;
				TARGETED_DEVICE_FAMILY = "1,2";
				TEST_HOST = "$(BUILT_PRODUCTS_DIR)/HelloWorld.app/HelloWorld";
			};
			name = Debug;
		};
		65B21D141FB823D500CBCBCB /* Release */ = {
			isa = XCBuildConfiguration;
			buildSettings = {
				ALWAYS_EMBED_SWIFT_STANDARD_LIBRARIES = YES;
				BUNDLE_LOADER = "$(TEST_HOST)";
				CODE_SIGN_STYLE = Automatic;
				INFOPLIST_FILE = HelloWorldTests/Info.plist;
				LD_RUNPATH_SEARCH_PATHS = "$(inherited) @executable_path/Frameworks @loader_path/Frameworks";
				PRODUCT_BUNDLE_IDENTIFIER = com.andrewblyth86.HelloWorldTests;
				PRODUCT_NAME = "$(TARGET_NAME)";
				SWIFT_VERSION = 4.0;
				TARGETED_DEVICE_FAMILY = "1,2";
				TEST_HOST = "$(BUILT_PRODUCTS_DIR)/HelloWorld.app/HelloWorld";
			};
			name = Release;
		};
		65B21D161FB823D500CBCBCB /* Debug */ = {
			isa = XCBuildConfiguration;
			buildSettings = {
				ALWAYS_EMBED_SWIFT_STANDARD_LIBRARIES = YES;
				CODE_SIGN_STYLE = Automatic;
				INFOPLIST_FILE = HelloWorldUITests/Info.plist;
				LD_RUNPATH_SEARCH_PATHS = "$(inherited) @executable_path/Frameworks @loader_path/Frameworks";
				PRODUCT_BUNDLE_IDENTIFIER = com.andrewblyth86.HelloWorldUITests;
				PRODUCT_NAME = "$(TARGET_NAME)";
				SWIFT_VERSION = 4.0;
				TARGETED_DEVICE_FAMILY = "1,2";
				TEST_TARGET_NAME = HelloWorld;
			};
			name = Debug;
		};
		65B21D171FB823D500CBCBCB /* Release */ = {
			isa = XCBuildConfiguration;
			buildSettings = {
				ALWAYS_EMBED_SWIFT_STANDARD_LIBRARIES = YES;
				CODE_SIGN_STYLE = Automatic;
				INFOPLIST_FILE = HelloWorldUITests/Info.plist;
				LD_RUNPATH_SEARCH_PATHS = "$(inherited) @executable_path/Frameworks @loader_path/Frameworks";
				PRODUCT_BUNDLE_IDENTIFIER = com.andrewblyth86.HelloWorldUITests;
				PRODUCT_NAME = "$(TARGET_NAME)";
				SWIFT_VERSION = 4.0;
				TARGETED_DEVICE_FAMILY = "1,2";
				TEST_TARGET_NAME = HelloWorld;
			};
			name = Release;
		};
/* End XCBuildConfiguration section */

/* Begin XCConfigurationList section */
		65B21CE21FB823D400CBCBCB /* Build configuration list for PBXProject "HelloWorld" */ = {
			isa = XCConfigurationList;
			buildConfigurations = (
				65B21D0D1FB823D500CBCBCB /* Debug */,
				65B21D0E1FB823D500CBCBCB /* Release */,
			);
			defaultConfigurationIsVisible = 0;
			defaultConfigurationName = Release;
		};
		65B21D0F1FB823D500CBCBCB /* Build configuration list for PBXNativeTarget "HelloWorld" */ = {
			isa = XCConfigurationList;
			buildConfigurations = (
				65B21D101FB823D500CBCBCB /* Debug */,
				65B21D111FB823D500CBCBCB /* Release */,
			);
			defaultConfigurationIsVisible = 0;
			defaultConfigurationName = Release;
		};
		65B21D121FB823D500CBCBCB /* Build configuration list for PBXNativeTarget "HelloWorldTests" */ = {
			isa = XCConfigurationList;
			buildConfigurations = (
				65B21D131FB823D500CBCBCB /* Debug */,
				65B21D141FB823D500CBCBCB /* Release */,
			);
			defaultConfigurationIsVisible = 0;
			defaultConfigurationName = Release;
		};
		65B21D151FB823D500CBCBCB /* Build configuration list for PBXNativeTarget "HelloWorldUITests" */ = {
			isa = XCConfigurationList;
			buildConfigurations = (
				65B21D161FB823D500CBCBCB /* Debug */,
				65B21D171FB823D500CBCBCB /* Release */,
			);
			defaultConfigurationIsVisible = 0;
			defaultConfigurationName = Release;
		};
/* End XCConfigurationList section */
	};
	rootObject = 65B21CDF1FB823D400CBCBCB /* Project object */;
}
